# THIS IS AN AUTOGENERATED FILE. DO NOT EDIT THIS FILE DIRECTLY.
# yarn lockfile v1


"@ar/button-radio@file:../button-radio":
  version "0.0.1"
  dependencies:
    classnames "^2.3.1"

"@ar/card@file:../card":
  version "0.0.1"

"@ar/config-provider@file:../config-provider":
  version "0.0.1"

"@ar/customimg@file:../customImg":
  version "0.0.1"

"@ar/img-radio@file:../img-radio":
  version "0.0.1"
  dependencies:
    "@ar/customimg" "file:../../../../../../Library/Caches/Yarn/v6/npm-@ar-img-radio-0.0.1-0070d25d-c93d-463f-980f-5fa1f5462f01-1620815245208/node_modules/@ar/customImg"
    classnames "^2.3.1"

"@ar/info@file:../info":
  version "0.0.1"
  dependencies:
    "@ar/util" "file:../../../../../../Library/Caches/Yarn/v6/npm-@ar-info-0.0.1-f790c33f-d29d-4bf9-a47f-8594dac7418e-1620815245211/node_modules/@ar/util"

"@ar/input@file:../input":
  version "0.0.1"

"@ar/inputnumber@file:../inputnumber":
  version "0.0.1"

"@ar/list-select@file:../list-select":
  version "0.0.1"
  dependencies:
    "@ar/config-provider" "file:../../../../../../Library/Caches/Yarn/v6/npm-@ar-list-select-0.0.1-beadf906-68d8-471c-bba3-231b7a8c92e1-1620815245227/node_modules/@ar/config-provider"
    "@ar/customimg" "file:../../../../../../Library/Caches/Yarn/v6/npm-@ar-list-select-0.0.1-beadf906-68d8-471c-bba3-231b7a8c92e1-1620815245227/node_modules/@ar/customImg"
    classnames "^2.3.1"

"@ar/panelselect@file:../panelSelect":
  version "0.0.1"
  dependencies:
    "@ar/util" "file:../../../../../../Library/Caches/Yarn/v6/npm-@ar-panelselect-0.0.1-f8d02c37-bb90-4665-8836-0154f775a6dc-1620815245231/node_modules/@ar/util"

"@ar/regexp@file:../regExp":
  version "0.0.1"
  dependencies:
    "@ar/util" "file:../../../../../../Library/Caches/Yarn/v6/npm-@ar-regexp-0.0.1-e1695d25-b6ac-4dec-819c-d31e8c470f03-1620815245232/node_modules/@ar/util"

"@ar/sudoku@file:../sudoku":
  version "0.0.1"
  dependencies:
    "@ar/util" "file:../../../../../../Library/Caches/Yarn/v6/npm-@ar-sudoku-0.0.1-6fd2aa1e-e647-4411-a995-b5405346b52d-1620815245234/node_modules/@ar/util"

"@ar/upload@file:../upload":
  version "0.0.1"
  dependencies:
    "@ar/util" "file:../../../../../../Library/Caches/Yarn/v6/npm-@ar-upload-0.0.1-7cef0a0b-d497-4e1a-bf94-aaf8283eb427-1620815245236/node_modules/@ar/util"

"@ar/util@file:../util":
  version "0.0.1"
  dependencies:
    "@types/mathjs" "^6.0.11"
    "@types/qs" "^6.9.6"
    mathjs "^9.3.0"
    qs "^6.10.1"

"@types/mathjs@^6.0.11":
  version "6.0.12"
  resolved "https://registry.yarnpkg.com/@types/mathjs/-/mathjs-6.0.12.tgz#1c2a60352852676e10936ce150b9500d36555973"
  integrity sha512-bpKs8CDJ0aOiiJguywryE/U6Wre/uftJ89xhp4aCgF4oRb3Yug2VyZ87958gmSeq4WMsvWPMs2Q5TtFv+dJtaA==
  dependencies:
    decimal.js "^10.0.0"

"@types/qs@^6.9.6":
  version "6.9.6"
  resolved "https://registry.yarnpkg.com/@types/qs/-/qs-6.9.6.tgz#df9c3c8b31a247ec315e6996566be3171df4b3b1"
  integrity sha512-0/HnwIfW4ki2D8L8c9GVcG5I72s9jP5GSLVF0VIXDW00kmIpA6O33G7a8n59Tmh7Nz0WUC3rSb7PTY/sdW2JzA==

axios@^0.21.1:
  version "0.21.1"
  resolved "https://registry.yarnpkg.com/axios/-/axios-0.21.1.tgz#22563481962f4d6bde9a76d516ef0e5d3c09b2b8"
  integrity sha512-dKQiRHxGD9PPRIUNIWvZhPTPpl1rf/OxTYKsqKUDjBwYylTvV7SjSHJb9ratfyzM6wCdLCOYLzs73qpg5c4iGA==
  dependencies:
    follow-redirects "^1.10.0"

call-bind@^1.0.0:
  version "1.0.2"
  resolved "https://registry.yarnpkg.com/call-bind/-/call-bind-1.0.2.tgz#b1d4e89e688119c3c9a903ad30abb2f6a919be3c"
  integrity sha512-7O+FbCihrB5WGbFYesctwmTKae6rOiIzmz1icreWJ+0aA7LJfuqhEso2T9ncpcFtzMQtzXf2QGGueWJGTYsqrA==
  dependencies:
    function-bind "^1.1.1"
    get-intrinsic "^1.0.2"

classnames@^2.3.1:
  version "2.3.1"
  resolved "https://registry.yarnpkg.com/classnames/-/classnames-2.3.1.tgz#dfcfa3891e306ec1dad105d0e88f4417b8535e8e"
  integrity sha512-OlQdbZ7gLfGarSqxesMesDa5uz7KFbID8Kpq/SxIoNGDqY8lSYs0D+hhtBXhcdB3rcbXArFr7vlHheLk1voeNA==

complex.js@^2.0.11:
  version "2.0.12"
  resolved "https://registry.yarnpkg.com/complex.js/-/complex.js-2.0.12.tgz#fa4df97d8928e5f7b6a86b35bdeecc3a3eda8a22"
  integrity sha512-oQX99fwL6LrTVg82gDY1dIWXy6qZRnRL35N+YhIX0N7tSwsa0KFy6IEMHTNuCW4mP7FS7MEqZ/2I/afzYwPldw==

decimal.js@^10.0.0, decimal.js@^10.2.1:
  version "10.2.1"
  resolved "https://registry.yarnpkg.com/decimal.js/-/decimal.js-10.2.1.tgz#238ae7b0f0c793d3e3cea410108b35a2c01426a3"
  integrity sha512-KaL7+6Fw6i5A2XSnsbhm/6B+NuEA7TZ4vqxnd5tXz9sbKtrN9Srj8ab4vKVdK8YAqZO9P1kg45Y6YLoduPf+kw==

escape-latex@^1.2.0:
  version "1.2.0"
  resolved "https://registry.yarnpkg.com/escape-latex/-/escape-latex-1.2.0.tgz#07c03818cf7dac250cce517f4fda1b001ef2bca1"
  integrity sha512-nV5aVWW1K0wEiUIEdZ4erkGGH8mDxGyxSeqPzRNtWP7ataw+/olFObw7hujFWlVjNsaDFw5VZ5NzVSIqRgfTiw==

follow-redirects@^1.10.0:
  version "1.14.1"
  resolved "https://registry.yarnpkg.com/follow-redirects/-/follow-redirects-1.14.1.tgz#d9114ded0a1cfdd334e164e6662ad02bfd91ff43"
  integrity sha512-HWqDgT7ZEkqRzBvc2s64vSZ/hfOceEol3ac/7tKwzuvEyWx3/4UegXh5oBOIotkGsObyk3xznnSRVADBgWSQVg==

"formblock@file:../formBlock":
  version "0.0.1"

fraction.js@^4.0.13:
  version "4.0.13"
  resolved "https://registry.yarnpkg.com/fraction.js/-/fraction.js-4.0.13.tgz#3c1c315fa16b35c85fffa95725a36fa729c69dfe"
  integrity sha512-E1fz2Xs9ltlUp+qbiyx9wmt2n9dRzPsS11Jtdb8D2o+cC7wr9xkkKsVKJuBX0ST+LVS+LhLO+SbLJNtfWcJvXA==

function-bind@^1.1.1:
  version "1.1.1"
  resolved "https://registry.yarnpkg.com/function-bind/-/function-bind-1.1.1.tgz#a56899d3ea3c9bab874bb9773b7c5ede92f4895d"
  integrity sha512-yIovAzMX49sF8Yl58fSCWJ5svSLuaibPxXQJFLmBObTuCr0Mf1KiPopGM9NiFjiYBCbfaa2Fh6breQ6ANVTI0A==

get-intrinsic@^1.0.2:
  version "1.1.1"
  resolved "https://registry.yarnpkg.com/get-intrinsic/-/get-intrinsic-1.1.1.tgz#15f59f376f855c446963948f0d24cd3637b4abc6"
  integrity sha512-kWZrnVM42QCiEA2Ig1bG8zjoIMOgxWwYCEeNdwY6Tv/cOSeGpcoX4pXHfKUxNKVoArnrEr2e9srnAxxGIraS9Q==
  dependencies:
    function-bind "^1.1.1"
    has "^1.0.3"
    has-symbols "^1.0.1"

has-symbols@^1.0.1:
  version "1.0.2"
  resolved "https://registry.yarnpkg.com/has-symbols/-/has-symbols-1.0.2.tgz#165d3070c00309752a1236a479331e3ac56f1423"
  integrity sha512-chXa79rL/UC2KlX17jo3vRGz0azaWEx5tGqZg5pO3NUyEJVB17dMruQlzCCOfUvElghKcm5194+BCRvi2Rv/Gw==

has@^1.0.3:
  version "1.0.3"
  resolved "https://registry.yarnpkg.com/has/-/has-1.0.3.tgz#722d7cbfc1f6aa8241f16dd814e011e1f41e8796"
  integrity sha512-f2dvO0VU6Oej7RkWJGrehjbzMAjFp5/VKPp5tTpWIV4JHHZK1/BxbFRtf/siA2SWTe09caDmVtYYzWEIbBS4zw==
  dependencies:
    function-bind "^1.1.1"

javascript-natural-sort@^0.7.1:
  version "0.7.1"
  resolved "https://registry.yarnpkg.com/javascript-natural-sort/-/javascript-natural-sort-0.7.1.tgz#f9e2303d4507f6d74355a73664d1440fb5a0ef59"
  integrity sha1-+eIwPUUH9tdDVac2ZNFED7Wg71k=

mathjs@^9.3.0:
  version "9.3.2"
  resolved "https://registry.yarnpkg.com/mathjs/-/mathjs-9.3.2.tgz#6523dd5c963d200ff1cea0ff7963b10521b82185"
  integrity sha512-0YKSKAeN9OkbIQrxfxnBT4kk/KlH71piWOsvVvAasyRIj/Xd/zlpc5VP/aFxwr+llOq2F3f6booPEu2fWv3yjQ==
  dependencies:
    complex.js "^2.0.11"
    decimal.js "^10.2.1"
    escape-latex "^1.2.0"
    fraction.js "^4.0.13"
    javascript-natural-sort "^0.7.1"
    seedrandom "^3.0.5"
    tiny-emitter "^2.1.0"
    typed-function "^2.0.0"

object-inspect@^1.9.0:
  version "1.10.3"
  resolved "https://registry.yarnpkg.com/object-inspect/-/object-inspect-1.10.3.tgz#c2aa7d2d09f50c99375704f7a0adf24c5782d369"
  integrity sha512-e5mCJlSH7poANfC8z8S9s9S2IN5/4Zb3aZ33f5s8YqoazCFzNLloLU8r5VCG+G7WoqLvAAZoVMcy3tp/3X0Plw==

qs@^6.10.1:
  version "6.10.1"
  resolved "https://registry.yarnpkg.com/qs/-/qs-6.10.1.tgz#4931482fa8d647a5aab799c5271d2133b981fb6a"
  integrity sha512-M528Hph6wsSVOBiYUnGf+K/7w0hNshs/duGsNXPUCLH5XAqjEtiPGwNONLV0tBH8NoGb0mvD5JubnUTrujKDTg==
  dependencies:
    side-channel "^1.0.4"

seedrandom@^3.0.5:
  version "3.0.5"
  resolved "https://registry.yarnpkg.com/seedrandom/-/seedrandom-3.0.5.tgz#54edc85c95222525b0c7a6f6b3543d8e0b3aa0a7"
  integrity sha512-8OwmbklUNzwezjGInmZ+2clQmExQPvomqjL7LFqOYqtmuxRgQYqOD3mHaU+MvZn5FLUeVxVfQjwLZW/n/JFuqg==

side-channel@^1.0.4:
  version "1.0.4"
  resolved "https://registry.yarnpkg.com/side-channel/-/side-channel-1.0.4.tgz#efce5c8fdc104ee751b25c58d4290011fa5ea2cf"
  integrity sha512-q5XPytqFEIKHkGdiMIrY10mvLRvnQh42/+GoBlFW3b2LXLE2xxJpZFdm94we0BaoV3RwJyGqg5wS7epxTv0Zvw==
  dependencies:
    call-bind "^1.0.0"
    get-intrinsic "^1.0.2"
    object-inspect "^1.9.0"

tiny-emitter@^2.1.0:
  version "2.1.0"
  resolved "https://registry.yarnpkg.com/tiny-emitter/-/tiny-emitter-2.1.0.tgz#1d1a56edfc51c43e863cbb5382a72330e3555423"
  integrity sha512-NB6Dk1A9xgQPMoGqC5CVXn123gWyte215ONT5Pp5a0yt4nlEoO1ZWeCwpncaekPHXO60i47ihFnZPiRPjRMq4Q==

typed-function@^2.0.0:
  version "2.0.0"
  resolved "https://registry.yarnpkg.com/typed-function/-/typed-function-2.0.0.tgz#15ab3825845138a8b1113bd89e60cd6a435739e8"
  integrity sha512-Hhy1Iwo/e4AtLZNK10ewVVcP2UEs408DS35ubP825w/YgSBK1KVLwALvvIG4yX75QJrxjCpcWkzkVRB0BwwYlA==
