# THIS IS AN AUTOGENERATED FILE. DO NOT EDIT THIS FILE DIRECTLY.
# yarn lockfile v1


"@types/mathjs@^6.0.11":
  version "6.0.12"
  resolved "https://registry.yarnpkg.com/@types/mathjs/-/mathjs-6.0.12.tgz#1c2a60352852676e10936ce150b9500d36555973"
  integrity sha512-bpKs8CDJ0aOiiJguywryE/U6Wre/uftJ89xhp4aCgF4oRb3Yug2VyZ87958gmSeq4WMsvWPMs2Q5TtFv+dJtaA==
  dependencies:
    decimal.js "^10.0.0"

"@types/qs@^6.9.6":
  version "6.9.6"
  resolved "https://registry.yarnpkg.com/@types/qs/-/qs-6.9.6.tgz#df9c3c8b31a247ec315e6996566be3171df4b3b1"
  integrity sha512-0/HnwIfW4ki2D8L8c9GVcG5I72s9jP5GSLVF0VIXDW00kmIpA6O33G7a8n59Tmh7Nz0WUC3rSb7PTY/sdW2JzA==

"@tytools/button-radio@^0.0.5":
  version "0.0.5"
  resolved "https://registry.yarnpkg.com/@tytools/button-radio/-/button-radio-0.0.5.tgz#d536731a137dbad5811aa5e5e18373ad5ebd194c"
  integrity sha512-rN3Fruh1xiI/h4yFvkz+c8a2pV0n5mlW+aNsFdkRHxlFdd06y81pQVw/GV6k+5iWGJaopd/Cav8HAPDpHEpD8w==
  dependencies:
    classnames "^2.3.1"

"@tytools/card@^0.0.5":
  version "0.0.5"
  resolved "https://registry.yarnpkg.com/@tytools/card/-/card-0.0.5.tgz#bc8fb49d6ee7687f38c67d76e638c4b2d41a3ba9"
  integrity sha512-TewxZAf1leWkunISdVf/hVjq3a2hZvyi15m9S1fkAueUkP2Iec3WW7EER/Bul2Ow+h6zfAFG5S1gjaNaMZtJDg==

"@tytools/config-provider@^0.0.5":
  version "0.0.5"
  resolved "https://registry.yarnpkg.com/@tytools/config-provider/-/config-provider-0.0.5.tgz#78689a022e629b92e810d51f7306b58a4c6732f4"
  integrity sha512-DJ9hHsoc7s0boZJ5wLhAoBWnnmL0AINxJHz+OJ36tKXQ+JxRsvBl0LBXv1es3DWkXFKFo+lyGQuy4PmcEWYNvA==

"@tytools/customimg@^0.0.5":
  version "0.0.5"
  resolved "https://registry.yarnpkg.com/@tytools/customimg/-/customimg-0.0.5.tgz#aec00c52b308a868aa3423de49a7a4367d4b10de"
  integrity sha512-fg5t/VkpK9G6Bec35aYixAPeLyR63xqkJ05/YDcvuDffJsLGQfnvU5Qcmodbgh0wa9mplnqjPiGfEoPAO40Q0w==

"@tytools/formblock@^0.0.5":
  version "0.0.5"
  resolved "https://registry.yarnpkg.com/@tytools/formblock/-/formblock-0.0.5.tgz#e985eaf170f0c582e6a391da0af9c055c530f970"
  integrity sha512-zrHTbx/HTuqwc1HxAt67QGp9p7bbbnLezm/1NXBtMnHiiIphn09oYfAu9sXH/LODD3QIXZIFssepP99w6wosHw==

"@tytools/img-radio@^0.0.5":
  version "0.0.5"
  resolved "https://registry.yarnpkg.com/@tytools/img-radio/-/img-radio-0.0.5.tgz#c543eea652463342a8180001dcd859346a49fb45"
  integrity sha512-XqmSE7EAPWS7EL5TZyaJPwVlYDoLVfgNvqv5lw3cAgoHzuQ03g26ven9vfYtjSqMU0u1StWBiiHIOByM1DBndQ==
  dependencies:
    "@tytools/customimg" "^0.0.5"
    classnames "^2.3.1"

"@tytools/info@^0.0.5":
  version "0.0.5"
  resolved "https://registry.yarnpkg.com/@tytools/info/-/info-0.0.5.tgz#5a139893ecd25e7404e9ae94a5299d124ae51da8"
  integrity sha512-Mq0XMiM1Nc41GP+QjAFm8jNzK9NZqcqkHKsqlweXwd3fsw0VfY3P2oLmapMUDCto+mage0hPiaENUAi262LVSw==
  dependencies:
    "@tytools/util" "^0.0.4"

"@tytools/input@^0.0.5":
  version "0.0.5"
  resolved "https://registry.yarnpkg.com/@tytools/input/-/input-0.0.5.tgz#4ea1cfec7d7ab7f501606b6165fef76af1f0dce9"
  integrity sha512-GOJ0WTIo3FRt3w9G/swhId9JgqJrD18tutnO3sAAqVRvPReLI/4+Wh3Q4OR+fAm7qNOlzahDYEOaJ5zZ0sLWwg==
  dependencies:
    "@tytools/util" "^0.0.4"

"@tytools/inputnumber@^0.0.5":
  version "0.0.5"
  resolved "https://registry.yarnpkg.com/@tytools/inputnumber/-/inputnumber-0.0.5.tgz#b8bdd690ba2a29966e8ef7b421c4e6ef2fc05d9f"
  integrity sha512-3T6NTpHwg5AXW5kHMt5ShYYCOim+vB6bUlIK93RcQS007OP1j10PxPYZvnXEF8n3aWgdQEDqzKUAHDcJ+M/bmQ==

"@tytools/list-select@^0.0.5":
  version "0.0.5"
  resolved "https://registry.yarnpkg.com/@tytools/list-select/-/list-select-0.0.5.tgz#d0802204634024acc5845592f6558cda53032ee2"
  integrity sha512-Vep0X3EyZreq1fngiEO/vIOa3jFy6uJ69l78vuL2toCtSwn7t3a9YZOBZn+EMD1m0qyeXou8IUPFJdtfuqCyNA==
  dependencies:
    "@tytools/config-provider" "^0.0.5"
    "@tytools/customimg" "^0.0.5"
    classnames "^2.3.1"

"@tytools/panelselect@^0.0.5":
  version "0.0.5"
  resolved "https://registry.yarnpkg.com/@tytools/panelselect/-/panelselect-0.0.5.tgz#0519e1962aeeb7fb2bbdb61614a2aa5ae0473ebc"
  integrity sha512-cN+p7pDUb2TpLzWSePDnHL1nelQNJpb4GxXGS3DJ0HzC0PtZFyzrn18tqP6aMh3E0IjFsChGjtI7/jGQGCvLIw==
  dependencies:
    "@tytools/util" "^0.0.4"

"@tytools/regexp@^0.0.5":
  version "0.0.5"
  resolved "https://registry.yarnpkg.com/@tytools/regexp/-/regexp-0.0.5.tgz#186f2941d75d95a1b3e7f0daf353100a7c93474d"
  integrity sha512-E0q+r8VFxEnX7vR3j63bWnnKc0MAYi6oxy9lAwu65rpYi7nL4BD2h3DACnqHPJWvKw8TWB1YTr1K/GisSMQlQQ==
  dependencies:
    "@tytools/util" "^0.0.4"

"@tytools/sudoku@^0.0.5":
  version "0.0.5"
  resolved "https://registry.yarnpkg.com/@tytools/sudoku/-/sudoku-0.0.5.tgz#e8f5e2b738343de04100cab98f6779d7b057f5de"
  integrity sha512-NmzQcNQzS75VMaxMJbxCXHTfXx/srnx8s2RAgf0fYBj8fWl+5PVzgBuFB9FbHosDF8icHI3IaScL4qD7SeKB2Q==
  dependencies:
    "@tytools/util" "^0.0.4"

"@tytools/upload@^0.0.5":
  version "0.0.5"
  resolved "https://registry.yarnpkg.com/@tytools/upload/-/upload-0.0.5.tgz#38181dc6d508bc76a2351123d4ba8143351cc26d"
  integrity sha512-zXRaTyuxrOIh5EZSlFdtO66CCdrfiP5g5YNHQEj/OpTGDalImnBkDjRhiswTbc/5KMaL2l229jCNV7zOwELDrQ==
  dependencies:
    "@tytools/util" "^0.0.4"

"@tytools/util@^0.0.4":
  version "0.0.4"
  resolved "https://registry.yarnpkg.com/@tytools/util/-/util-0.0.4.tgz#6c38b5b99a60e742075c8c1e0ccdd6ed6983e61c"
  integrity sha512-iEsTjSHSW3yYUUQSLbfPhIdsG8qLfLjUlL56ptNYzEpyOs34g/ivKmW97tbEWj9y+bxlFgu9DHXco4b/zeHMWQ==
  dependencies:
    "@types/mathjs" "^6.0.11"
    "@types/qs" "^6.9.6"
    mathjs "^9.3.0"
    qs "^6.10.1"

axios@^0.21.1:
  version "0.21.1"
  resolved "https://registry.yarnpkg.com/axios/-/axios-0.21.1.tgz#22563481962f4d6bde9a76d516ef0e5d3c09b2b8"
  integrity sha512-dKQiRHxGD9PPRIUNIWvZhPTPpl1rf/OxTYKsqKUDjBwYylTvV7SjSHJb9ratfyzM6wCdLCOYLzs73qpg5c4iGA==
  dependencies:
    follow-redirects "^1.10.0"

call-bind@^1.0.0:
  version "1.0.2"
  resolved "https://registry.yarnpkg.com/call-bind/-/call-bind-1.0.2.tgz#b1d4e89e688119c3c9a903ad30abb2f6a919be3c"
  integrity sha512-7O+FbCihrB5WGbFYesctwmTKae6rOiIzmz1icreWJ+0aA7LJfuqhEso2T9ncpcFtzMQtzXf2QGGueWJGTYsqrA==
  dependencies:
    function-bind "^1.1.1"
    get-intrinsic "^1.0.2"

classnames@^2.3.1:
  version "2.3.1"
  resolved "https://registry.yarnpkg.com/classnames/-/classnames-2.3.1.tgz#dfcfa3891e306ec1dad105d0e88f4417b8535e8e"
  integrity sha512-OlQdbZ7gLfGarSqxesMesDa5uz7KFbID8Kpq/SxIoNGDqY8lSYs0D+hhtBXhcdB3rcbXArFr7vlHheLk1voeNA==

complex.js@^2.0.11:
  version "2.0.12"
  resolved "https://registry.yarnpkg.com/complex.js/-/complex.js-2.0.12.tgz#fa4df97d8928e5f7b6a86b35bdeecc3a3eda8a22"
  integrity sha512-oQX99fwL6LrTVg82gDY1dIWXy6qZRnRL35N+YhIX0N7tSwsa0KFy6IEMHTNuCW4mP7FS7MEqZ/2I/afzYwPldw==

decimal.js@^10.0.0, decimal.js@^10.2.1:
  version "10.2.1"
  resolved "https://registry.yarnpkg.com/decimal.js/-/decimal.js-10.2.1.tgz#238ae7b0f0c793d3e3cea410108b35a2c01426a3"
  integrity sha512-KaL7+6Fw6i5A2XSnsbhm/6B+NuEA7TZ4vqxnd5tXz9sbKtrN9Srj8ab4vKVdK8YAqZO9P1kg45Y6YLoduPf+kw==

escape-latex@^1.2.0:
  version "1.2.0"
  resolved "https://registry.yarnpkg.com/escape-latex/-/escape-latex-1.2.0.tgz#07c03818cf7dac250cce517f4fda1b001ef2bca1"
  integrity sha512-nV5aVWW1K0wEiUIEdZ4erkGGH8mDxGyxSeqPzRNtWP7ataw+/olFObw7hujFWlVjNsaDFw5VZ5NzVSIqRgfTiw==

follow-redirects@^1.10.0:
  version "1.14.1"
  resolved "https://registry.yarnpkg.com/follow-redirects/-/follow-redirects-1.14.1.tgz#d9114ded0a1cfdd334e164e6662ad02bfd91ff43"
  integrity sha512-HWqDgT7ZEkqRzBvc2s64vSZ/hfOceEol3ac/7tKwzuvEyWx3/4UegXh5oBOIotkGsObyk3xznnSRVADBgWSQVg==

fraction.js@^4.0.13:
  version "4.0.13"
  resolved "https://registry.yarnpkg.com/fraction.js/-/fraction.js-4.0.13.tgz#3c1c315fa16b35c85fffa95725a36fa729c69dfe"
  integrity sha512-E1fz2Xs9ltlUp+qbiyx9wmt2n9dRzPsS11Jtdb8D2o+cC7wr9xkkKsVKJuBX0ST+LVS+LhLO+SbLJNtfWcJvXA==

function-bind@^1.1.1:
  version "1.1.1"
  resolved "https://registry.yarnpkg.com/function-bind/-/function-bind-1.1.1.tgz#a56899d3ea3c9bab874bb9773b7c5ede92f4895d"
  integrity sha512-yIovAzMX49sF8Yl58fSCWJ5svSLuaibPxXQJFLmBObTuCr0Mf1KiPopGM9NiFjiYBCbfaa2Fh6breQ6ANVTI0A==

get-intrinsic@^1.0.2:
  version "1.1.1"
  resolved "https://registry.yarnpkg.com/get-intrinsic/-/get-intrinsic-1.1.1.tgz#15f59f376f855c446963948f0d24cd3637b4abc6"
  integrity sha512-kWZrnVM42QCiEA2Ig1bG8zjoIMOgxWwYCEeNdwY6Tv/cOSeGpcoX4pXHfKUxNKVoArnrEr2e9srnAxxGIraS9Q==
  dependencies:
    function-bind "^1.1.1"
    has "^1.0.3"
    has-symbols "^1.0.1"

has-symbols@^1.0.1:
  version "1.0.2"
  resolved "https://registry.yarnpkg.com/has-symbols/-/has-symbols-1.0.2.tgz#165d3070c00309752a1236a479331e3ac56f1423"
  integrity sha512-chXa79rL/UC2KlX17jo3vRGz0azaWEx5tGqZg5pO3NUyEJVB17dMruQlzCCOfUvElghKcm5194+BCRvi2Rv/Gw==

has@^1.0.3:
  version "1.0.3"
  resolved "https://registry.yarnpkg.com/has/-/has-1.0.3.tgz#722d7cbfc1f6aa8241f16dd814e011e1f41e8796"
  integrity sha512-f2dvO0VU6Oej7RkWJGrehjbzMAjFp5/VKPp5tTpWIV4JHHZK1/BxbFRtf/siA2SWTe09caDmVtYYzWEIbBS4zw==
  dependencies:
    function-bind "^1.1.1"

javascript-natural-sort@^0.7.1:
  version "0.7.1"
  resolved "https://registry.yarnpkg.com/javascript-natural-sort/-/javascript-natural-sort-0.7.1.tgz#f9e2303d4507f6d74355a73664d1440fb5a0ef59"
  integrity sha1-+eIwPUUH9tdDVac2ZNFED7Wg71k=

mathjs@^9.3.0:
  version "9.3.2"
  resolved "https://registry.yarnpkg.com/mathjs/-/mathjs-9.3.2.tgz#6523dd5c963d200ff1cea0ff7963b10521b82185"
  integrity sha512-0YKSKAeN9OkbIQrxfxnBT4kk/KlH71piWOsvVvAasyRIj/Xd/zlpc5VP/aFxwr+llOq2F3f6booPEu2fWv3yjQ==
  dependencies:
    complex.js "^2.0.11"
    decimal.js "^10.2.1"
    escape-latex "^1.2.0"
    fraction.js "^4.0.13"
    javascript-natural-sort "^0.7.1"
    seedrandom "^3.0.5"
    tiny-emitter "^2.1.0"
    typed-function "^2.0.0"

object-inspect@^1.9.0:
  version "1.10.3"
  resolved "https://registry.yarnpkg.com/object-inspect/-/object-inspect-1.10.3.tgz#c2aa7d2d09f50c99375704f7a0adf24c5782d369"
  integrity sha512-e5mCJlSH7poANfC8z8S9s9S2IN5/4Zb3aZ33f5s8YqoazCFzNLloLU8r5VCG+G7WoqLvAAZoVMcy3tp/3X0Plw==

qs@^6.10.1:
  version "6.10.1"
  resolved "https://registry.yarnpkg.com/qs/-/qs-6.10.1.tgz#4931482fa8d647a5aab799c5271d2133b981fb6a"
  integrity sha512-M528Hph6wsSVOBiYUnGf+K/7w0hNshs/duGsNXPUCLH5XAqjEtiPGwNONLV0tBH8NoGb0mvD5JubnUTrujKDTg==
  dependencies:
    side-channel "^1.0.4"

seedrandom@^3.0.5:
  version "3.0.5"
  resolved "https://registry.yarnpkg.com/seedrandom/-/seedrandom-3.0.5.tgz#54edc85c95222525b0c7a6f6b3543d8e0b3aa0a7"
  integrity sha512-8OwmbklUNzwezjGInmZ+2clQmExQPvomqjL7LFqOYqtmuxRgQYqOD3mHaU+MvZn5FLUeVxVfQjwLZW/n/JFuqg==

side-channel@^1.0.4:
  version "1.0.4"
  resolved "https://registry.yarnpkg.com/side-channel/-/side-channel-1.0.4.tgz#efce5c8fdc104ee751b25c58d4290011fa5ea2cf"
  integrity sha512-q5XPytqFEIKHkGdiMIrY10mvLRvnQh42/+GoBlFW3b2LXLE2xxJpZFdm94we0BaoV3RwJyGqg5wS7epxTv0Zvw==
  dependencies:
    call-bind "^1.0.0"
    get-intrinsic "^1.0.2"
    object-inspect "^1.9.0"

tiny-emitter@^2.1.0:
  version "2.1.0"
  resolved "https://registry.yarnpkg.com/tiny-emitter/-/tiny-emitter-2.1.0.tgz#1d1a56edfc51c43e863cbb5382a72330e3555423"
  integrity sha512-NB6Dk1A9xgQPMoGqC5CVXn123gWyte215ONT5Pp5a0yt4nlEoO1ZWeCwpncaekPHXO60i47ihFnZPiRPjRMq4Q==

typed-function@^2.0.0:
  version "2.0.0"
  resolved "https://registry.yarnpkg.com/typed-function/-/typed-function-2.0.0.tgz#15ab3825845138a8b1113bd89e60cd6a435739e8"
  integrity sha512-Hhy1Iwo/e4AtLZNK10ewVVcP2UEs408DS35ubP825w/YgSBK1KVLwALvvIG4yX75QJrxjCpcWkzkVRB0BwwYlA==
